
Microsoft Visual Studio Solution File, Format Version 12.00
# Visual Studio Version 17
VisualStudioVersion = 17.1.32319.34
MinimumVisualStudioVersion = 10.0.40219.1
Project("{9A19103F-16F7-4668-BE54-9A1E7A4F7556}") = "SOLID", "SOLID\SOLID.csproj", "{77EF6987-6373-4892-89B3-83C783DBF678}"
EndProject
Project("{FAE04EC0-301F-11D3-BF4B-00C04F79EFBC}") = "BridgeDesignPattern", "BridgeDesignPattern\BridgeDesignPattern.csproj", "{AC7946C1-E0D9-4BDD-802A-9FEDCFF0F619}"
EndProject
Project("{FAE04EC0-301F-11D3-BF4B-00C04F79EFBC}") = "FacadeDesignPattern", "FacadeDesignPattern\FacadeDesignPattern.csproj", "{C660849F-7731-4F0E-B25B-B4466E877FC7}"
EndProject
Global
	GlobalSection(SolutionConfigurationPlatforms) = preSolution
		Debug|Any CPU = Debug|Any CPU
		Release|Any CPU = Release|Any CPU
	EndGlobalSection
	GlobalSection(ProjectConfigurationPlatforms) = postSolution
		{77EF6987-6373-4892-89B3-83C783DBF678}.Debug|Any CPU.ActiveCfg = Debug|Any CPU
		{77EF6987-6373-4892-89B3-83C783DBF678}.Debug|Any CPU.Build.0 = Debug|Any CPU
		{77EF6987-6373-4892-89B3-83C783DBF678}.Release|Any CPU.ActiveCfg = Release|Any CPU
		{77EF6987-6373-4892-89B3-83C783DBF678}.Release|Any CPU.Build.0 = Release|Any CPU
		{AC7946C1-E0D9-4BDD-802A-9FEDCFF0F619}.Debug|Any CPU.ActiveCfg = Debug|Any CPU
		{AC7946C1-E0D9-4BDD-802A-9FEDCFF0F619}.Debug|Any CPU.Build.0 = Debug|Any CPU
		{AC7946C1-E0D9-4BDD-802A-9FEDCFF0F619}.Release|Any CPU.ActiveCfg = Release|Any CPU
		{AC7946C1-E0D9-4BDD-802A-9FEDCFF0F619}.Release|Any CPU.Build.0 = Release|Any CPU
		{C660849F-7731-4F0E-B25B-B4466E877FC7}.Debug|Any CPU.ActiveCfg = Debug|Any CPU
		{C660849F-7731-4F0E-B25B-B4466E877FC7}.Debug|Any CPU.Build.0 = Debug|Any CPU
		{C660849F-7731-4F0E-B25B-B4466E877FC7}.Release|Any CPU.ActiveCfg = Release|Any CPU
		{C660849F-7731-4F0E-B25B-B4466E877FC7}.Release|Any CPU.Build.0 = Release|Any CPU
	EndGlobalSection
	GlobalSection(SolutionProperties) = preSolution
		HideSolutionNode = FALSE
	EndGlobalSection
	GlobalSection(ExtensibilityGlobals) = postSolution
		SolutionGuid = {864FF7A5-93E6-4F34-A40B-4AB08F331F30}
	EndGlobalSection
EndGlobal
